{
  "name": "empezar-a-invertir",
  "version": "0.1.0",
  "lockfileVersion": 3,
  "requires": true,
  "packages": {
    "": {
      "name": "empezar-a-invertir",
      "version": "0.1.0",
      "workspaces": [
        "apps/api",
        "packages/contracts"
      ],
      "engines": {
        "node": ">=22"
      }
    },
    "apps/api": {
      "name": "empezar-api",
      "version": "0.1.0",
      "engines": {
        "node": ">=22"
      }
    },
    "node_modules/@empezar/contracts": {
      "resolved": "packages/contracts",
      "link": true
    },
    "node_modules/empezar-api": {
      "resolved": "apps/api",
      "link": true
    },
    "packages/contracts": {
      "name": "@empezar/contracts",
      "version": "0.1.0"
    }
  }
}
